
Microsoft Visual Studio Solution File, Format Version 11.00
# Visual Studio 2010
Project("{FAE04EC0-301F-11D3-BF4B-00C04F79EFBC}") = "PageProperties", "PageProperties\PageProperties.csproj", "{7ED65C2D-2265-4282-BEF8-2E5B0CC29757}"
EndProject
Global
	GlobalSection(SolutionConfigurationPlatforms) = preSolution
		Debug|Any CPU = Debug|Any CPU
		Release|Any CPU = Release|Any CPU
	EndGlobalSection
	GlobalSection(ProjectConfigurationPlatforms) = postSolution
		{7ED65C2D-2265-4282-BEF8-2E5B0CC29757}.Debug|Any CPU.ActiveCfg = Debug|Any CPU
		{7ED65C2D-2265-4282-BEF8-2E5B0CC29757}.Debug|Any CPU.Build.0 = Debug|Any CPU
		{7ED65C2D-2265-4282-BEF8-2E5B0CC29757}.Release|Any CPU.ActiveCfg = Release|Any CPU
		{7ED65C2D-2265-4282-BEF8-2E5B0CC29757}.Release|Any CPU.Build.0 = Release|Any CPU
	EndGlobalSection
	GlobalSection(SolutionProperties) = preSolution
		HideSolutionNode = FALSE
	EndGlobalSection
EndGlobal
